{
  "version": 1,
  "dependencies": {
    ".NETFramework,Version=v4.8.1": {
      "Microsoft.CodeAnalysis.NetAnalyzers": {
        "type": "Direct",
        "requested": "[10.0.400, )",
        "resolved": "10.0.400",
        "contentHash": "Uogs/xCuSxYuEYAU7oUPddK3MFcT3A+FkrBcx/wVse6P4joptMAfh/H9jtIhl9IkHARCvJHFjL3jhKFs9YMktA=="
      },
      "Newtonsoft.Json": {
        "type": "Direct",
        "requested": "[13.0.4, )",
        "resolved": "13.0.4",
        "contentHash": "pdgNNMai3zv51W5aq268sujXUyx7SNdE2bj1wZcWjAQrKMFZV260lbqYop1d2GM67JI1huLRwxo9ZqnfF/lC6A=="
      },
      "System.Data.SQLite.Core": {
        "type": "Direct",
        "requested": "[1.0.118, )",
        "resolved": "1.0.118",
        "contentHash": "2V1PsfBeqWlZxF/VtB8lQKPfDBayCU8zD5Xc3Mq7cILOa2ZqpPDSwMP0fTfk1gtGSStSk//DxKiGy6zwCQs7Uw==",
        "dependencies": {
          "Stub.System.Data.SQLite.Core.NetFramework": "[1.0.118]"
        }
      },
      "Stub.System.Data.SQLite.Core.NetFramework": {
        "type": "Transitive",
        "resolved": "1.0.118",
        "contentHash": "oKvqJyhos18gUWQ7DphJwke15HsmXjcfaYm/qymJDkXHraqwDy0BqYMbbwDSJ/bmcbhug3jQEZ1N1FjynGFFyg=="
      }
    },
    ".NETFramework,Version=v4.8.1/win": {},
    ".NETFramework,Version=v4.8.1/win-arm64": {},
    ".NETFramework,Version=v4.8.1/win-x64": {},
    ".NETFramework,Version=v4.8.1/win-x86": {}
  }
}